
Microsoft Visual Studio Solution File, Format Version 12.00
# Visual Studio Version 16
VisualStudioVersion = 16.0.30320.27
MinimumVisualStudioVersion = 10.0.40219.1
Project("{FAE04EC0-301F-11D3-BF4B-00C04F79EFBC}") = "Demo1", "Demo1.csproj", "{5AFEA08D-43DC-449B-A865-9896EC14319F}"
EndProject
Global
	GlobalSection(SolutionConfigurationPlatforms) = preSolution
		Debug|Any CPU = Debug|Any CPU
		Release|Any CPU = Release|Any CPU
	EndGlobalSection
	GlobalSection(ProjectConfigurationPlatforms) = postSolution
		{5AFEA08D-43DC-449B-A865-9896EC14319F}.Debug|Any CPU.ActiveCfg = Debug|Any CPU
		{5AFEA08D-43DC-449B-A865-9896EC14319F}.Debug|Any CPU.Build.0 = Debug|Any CPU
		{5AFEA08D-43DC-449B-A865-9896EC14319F}.Release|Any CPU.ActiveCfg = Release|Any CPU
		{5AFEA08D-43DC-449B-A865-9896EC14319F}.Release|Any CPU.Build.0 = Release|Any CPU
	EndGlobalSection
	GlobalSection(SolutionProperties) = preSolution
		HideSolutionNode = FALSE
	EndGlobalSection
	GlobalSection(ExtensibilityGlobals) = postSolution
		SolutionGuid = {F569A804-54C5-4B8C-BE15-799485FD4CBA}
	EndGlobalSection
EndGlobal
